// !$*UTF8*$!
{
	archiveVersion = 1;
	classes = {
	};
	objectVersion = 56;
	objects = {

/* Begin PBXBuildFile section */
		F28637892A0180D3009E73FD /* AppDelegate.swift in Sources */ = {isa = PBXBuildFile; fileRef = F28637882A0180D3009E73FD /* AppDelegate.swift */; };
		F286378B2A0180D3009E73FD /* SceneDelegate.swift in Sources */ = {isa = PBXBuildFile; fileRef = F286378A2A0180D3009E73FD /* SceneDelegate.swift */; };
		F286378D2A0180D3009E73FD /* ViewController.swift in Sources */ = {isa = PBXBuildFile; fileRef = F286378C2A0180D3009E73FD /* ViewController.swift */; };
		F28637902A0180D3009E73FD /* Main.storyboard in Resources */ = {isa = PBXBuildFile; fileRef = F286378E2A0180D3009E73FD /* Main.storyboard */; };
		F28637922A0180D6009E73FD /* Assets.xcassets in Resources */ = {isa = PBXBuildFile; fileRef = F28637912A0180D6009E73FD /* Assets.xcassets */; };
		F28637952A0180D6009E73FD /* LaunchScreen.storyboard in Resources */ = {isa = PBXBuildFile; fileRef = F28637932A0180D6009E73FD /* LaunchScreen.storyboard */; };
		F28637A02A0180D6009E73FD /* ProjectPTests.swift in Sources */ = {isa = PBXBuildFile; fileRef = F286379F2A0180D6009E73FD /* ProjectPTests.swift */; };
		F28637AA2A0180D6009E73FD /* ProjectPUITests.swift in Sources */ = {isa = PBXBuildFile; fileRef = F28637A92A0180D6009E73FD /* ProjectPUITests.swift */; };
		F28637AC2A0180D6009E73FD /* ProjectPUITestsLaunchTests.swift in Sources */ = {isa = PBXBuildFile; fileRef = F28637AB2A0180D6009E73FD /* ProjectPUITestsLaunchTests.swift */; };
/* End PBXBuildFile section */

/* Begin PBXContainerItemProxy section */
		F286379C2A0180D6009E73FD /* PBXContainerItemProxy */ = {
			isa = PBXContainerItemProxy;
			containerPortal = F286377D2A0180D3009E73FD /* Project object */;
			proxyType = 1;
			remoteGlobalIDString = F28637842A0180D3009E73FD;
			remoteInfo = ProjectP;
		};
		F28637A62A0180D6009E73FD /* PBXContainerItemProxy */ = {
			isa = PBXContainerItemProxy;
			containerPortal = F286377D2A0180D3009E73FD /* Project object */;
			proxyType = 1;
			remoteGlobalIDString = F28637842A0180D3009E73FD;
			remoteInfo = ProjectP;
		};
/* End PBXContainerItemProxy section */

/* Begin PBXFileReference section */
		F28637852A0180D3009E73FD /* ProjectP.app */ = {isa = PBXFileReference; explicitFileType = wrapper.application; includeInIndex = 0; path = ProjectP.app; sourceTree = BUILT_PRODUCTS_DIR; };
		F28637882A0180D3009E73FD /* AppDelegate.swift */ = {isa = PBXFileReference; lastKnownFileType = sourcecode.swift; path = AppDelegate.swift; sourceTree = "<group>"; };
		F286378A2A0180D3009E73FD /* SceneDelegate.swift */ = {isa = PBXFileReference; lastKnownFileType = sourcecode.swift; path = SceneDelegate.swift; sourceTree = "<group>"; };
		F286378C2A0180D3009E73FD /* ViewController.swift */ = {isa = PBXFileReference; lastKnownFileType = sourcecode.swift; path = ViewController.swift; sourceTree = "<group>"; };
		F286378F2A0180D3009E73FD /* Base */ = {isa = PBXFileReference; lastKnownFileType = file.storyboard; name = Base; path = Base.lproj/Main.storyboard; sourceTree = "<group>"; };
		F28637912A0180D6009E73FD /* Assets.xcassets */ = {isa = PBXFileReference; lastKnownFileType = folder.assetcatalog; path = Assets.xcassets; sourceTree = "<group>"; };
		F28637942A0180D6009E73FD /* Base */ = {isa = PBXFileReference; lastKnownFileType = file.storyboard; name = Base; path = Base.lproj/LaunchScreen.storyboard; sourceTree = "<group>"; };
		F28637962A0180D6009E73FD /* Info.plist */ = {isa = PBXFileReference; lastKnownFileType = text.plist.xml; path = Info.plist; sourceTree = "<group>"; };
		F286379B2A0180D6009E73FD /* ProjectPTests.xctest */ = {isa = PBXFileReference; explicitFileType = wrapper.cfbundle; includeInIndex = 0; path = ProjectPTests.xctest; sourceTree = BUILT_PRODUCTS_DIR; };
		F286379F2A0180D6009E73FD /* ProjectPTests.swift */ = {isa = PBXFileReference; lastKnownFileType = sourcecode.swift; path = ProjectPTests.swift; sourceTree = "<group>"; };
		F28637A52A0180D6009E73FD /* ProjectPUITests.xctest */ = {isa = PBXFileReference; explicitFileType = wrapper.cfbundle; includeInIndex = 0; path = ProjectPUITests.xctest; sourceTree = BUILT_PRODUCTS_DIR; };
		F28637A92A0180D6009E73FD /* ProjectPUITests.swift */ = {isa = PBXFileReference; lastKnownFileType = sourcecode.swift; path = ProjectPUITests.swift; sourceTree = "<group>"; };
		F28637AB2A0180D6009E73FD /* ProjectPUITestsLaunchTests.swift */ = {isa = PBXFileReference; lastKnownFileType = sourcecode.swift; path = ProjectPUITestsLaunchTests.swift; sourceTree = "<group>"; };
/* End PBXFileReference section */

/* Begin PBXFrameworksBuildPhase section */
		F28637822A0180D3009E73FD /* Frameworks */ = {
			isa = PBXFrameworksBuildPhase;
			buildActionMask = 2147483647;
			files = (
			);
			runOnlyForDeploymentPostprocessing = 0;
		};
		F28637982A0180D6009E73FD /* Frameworks */ = {
			isa = PBXFrameworksBuildPhase;
			buildActionMask = 2147483647;
			files = (
			);
			runOnlyForDeploymentPostprocessing = 0;
		};
		F28637A22A0180D6009E73FD /* Frameworks */ = {
			isa = PBXFrameworksBuildPhase;
			buildActionMask = 2147483647;
			files = (
			);
			runOnlyForDeploymentPostprocessing = 0;
		};
/* End PBXFrameworksBuildPhase section */

/* Begin PBXGroup section */
		F286377C2A0180D3009E73FD = {
			isa = PBXGroup;
			children = (
				F28637872A0180D3009E73FD /* ProjectP */,
				F286379E2A0180D6009E73FD /* ProjectPTests */,
				F28637A82A0180D6009E73FD /* ProjectPUITests */,
				F28637862A0180D3009E73FD /* Products */,
			);
			sourceTree = "<group>";
		};
		F28637862A0180D3009E73FD /* Products */ = {
			isa = PBXGroup;
			children = (
				F28637852A0180D3009E73FD /* ProjectP.app */,
				F286379B2A0180D6009E73FD /* ProjectPTests.xctest */,
				F28637A52A0180D6009E73FD /* ProjectPUITests.xctest */,
			);
			name = Products;
			sourceTree = "<group>";
		};
		F28637872A0180D3009E73FD /* ProjectP */ = {
			isa = PBXGroup;
			children = (
				F28637882A0180D3009E73FD /* AppDelegate.swift */,
				F286378A2A0180D3009E73FD /* SceneDelegate.swift */,
				F286378C2A0180D3009E73FD /* ViewController.swift */,
				F286378E2A0180D3009E73FD /* Main.storyboard */,
				F28637912A0180D6009E73FD /* Assets.xcassets */,
				F28637932A0180D6009E73FD /* LaunchScreen.storyboard */,
				F28637962A0180D6009E73FD /* Info.plist */,
			);
			path = ProjectP;
			sourceTree = "<group>";
		};
		F286379E2A0180D6009E73FD /* ProjectPTests */ = {
			isa = PBXGroup;
			children = (
				F286379F2A0180D6009E73FD /* ProjectPTests.swift */,
			);
			path = ProjectPTests;
			sourceTree = "<group>";
		};
		F28637A82A0180D6009E73FD /* ProjectPUITests */ = {
			isa = PBXGroup;
			children = (
				F28637A92A0180D6009E73FD /* ProjectPUITests.swift */,
				F28637AB2A0180D6009E73FD /* ProjectPUITestsLaunchTests.swift */,
			);
			path = ProjectPUITests;
			sourceTree = "<group>";
		};
/* End PBXGroup section */

/* Begin PBXNativeTarget section */
		F28637842A0180D3009E73FD /* ProjectP */ = {
			isa = PBXNativeTarget;
			buildConfigurationList = F28637AF2A0180D6009E73FD /* Build configuration list for PBXNativeTarget "ProjectP" */;
			buildPhases = (
				F28637812A0180D3009E73FD /* Sources */,
				F28637822A0180D3009E73FD /* Frameworks */,
				F28637832A0180D3009E73FD /* Resources */,
			);
			buildRules = (
			);
			dependencies = (
			);
			name = ProjectP;
			productName = ProjectP;
			productReference = F28637852A0180D3009E73FD /* ProjectP.app */;
			productType = "com.apple.product-type.application";
		};
		F286379A2A0180D6009E73FD /* ProjectPTests */ = {
			isa = PBXNativeTarget;
			buildConfigurationList = F28637B22A0180D6009E73FD /* Build configuration list for PBXNativeTarget "ProjectPTests" */;
			buildPhases = (
				F28637972A0180D6009E73FD /* Sources */,
				F28637982A0180D6009E73FD /* Frameworks */,
				F28637992A0180D6009E73FD /* Resources */,
			);
			buildRules = (
			);
			dependencies = (
				F286379D2A0180D6009E73FD /* PBXTargetDependency */,
			);
			name = ProjectPTests;
			productName = ProjectPTests;
			productReference = F286379B2A0180D6009E73FD /* ProjectPTests.xctest */;
			productType = "com.apple.product-type.bundle.unit-test";
		};
		F28637A42A0180D6009E73FD /* ProjectPUITests */ = {
			isa = PBXNativeTarget;
			buildConfigurationList = F28637B52A0180D6009E73FD /* Build configuration list for PBXNativeTarget "ProjectPUITests" */;
			buildPhases = (
				F28637A12A0180D6009E73FD /* Sources */,
				F28637A22A0180D6009E73FD /* Frameworks */,
				F28637A32A0180D6009E73FD /* Resources */,
			);
			buildRules = (
			);
			dependencies = (
				F28637A72A0180D6009E73FD /* PBXTargetDependency */,
			);
			name = ProjectPUITests;
			productName = ProjectPUITests;
			productReference = F28637A52A0180D6009E73FD /* ProjectPUITests.xctest */;
			productType = "com.apple.product-type.bundle.ui-testing";
		};
/* End PBXNativeTarget section */

/* Begin PBXProject section */
		F286377D2A0180D3009E73FD /* Project object */ = {
			isa = PBXProject;
			attributes = {
				BuildIndependentTargetsInParallel = 1;
				LastSwiftUpdateCheck = 1430;
				LastUpgradeCheck = 1430;
				TargetAttributes = {
					F28637842A0180D3009E73FD = {
						CreatedOnToolsVersion = 14.3;
					};
					F286379A2A0180D6009E73FD = {
						CreatedOnToolsVersion = 14.3;
						TestTargetID = F28637842A0180D3009E73FD;
					};
					F28637A42A0180D6009E73FD = {
						CreatedOnToolsVersion = 14.3;
						TestTargetID = F28637842A0180D3009E73FD;
					};
				};
			};
			buildConfigurationList = F28637802A0180D3009E73FD /* Build configuration list for PBXProject "ProjectP" */;
			compatibilityVersion = "Xcode 14.0";
			developmentRegion = en;
			hasScannedForEncodings = 0;
			knownRegions = (
				en,
				Base,
			);
			mainGroup = F286377C2A0180D3009E73FD;
			productRefGroup = F28637862A0180D3009E73FD /* Products */;
			projectDirPath = "";
			projectRoot = "";
			targets = (
				F28637842A0180D3009E73FD /* ProjectP */,
				F286379A2A0180D6009E73FD /* ProjectPTests */,
				F28637A42A0180D6009E73FD /* ProjectPUITests */,
			);
		};
/* End PBXProject section */

/* Begin PBXResourcesBuildPhase section */
		F28637832A0180D3009E73FD /* Resources */ = {
			isa = PBXResourcesBuildPhase;
			buildActionMask = 2147483647;
			files = (
				F28637952A0180D6009E73FD /* LaunchScreen.storyboard in Resources */,
				F28637922A0180D6009E73FD /* Assets.xcassets in Resources */,
				F28637902A0180D3009E73FD /* Main.storyboard in Resources */,
			);
			runOnlyForDeploymentPostprocessing = 0;
		};
		F28637992A0180D6009E73FD /* Resources */ = {
			isa = PBXResourcesBuildPhase;
			buildActionMask = 2147483647;
			files = (
			);
			runOnlyForDeploymentPostprocessing = 0;
		};
		F28637A32A0180D6009E73FD /* Resources */ = {
			isa = PBXResourcesBuildPhase;
			buildActionMask = 2147483647;
			files = (
			);
			runOnlyForDeploymentPostprocessing = 0;
		};
/* End PBXResourcesBuildPhase section */

/* Begin PBXSourcesBuildPhase section */
		F28637812A0180D3009E73FD /* Sources */ = {
			isa = PBXSourcesBuildPhase;
			buildActionMask = 2147483647;
			files = (
				F286378D2A0180D3009E73FD /* ViewController.swift in Sources */,
				F28637892A0180D3009E73FD /* AppDelegate.swift in Sources */,
				F286378B2A0180D3009E73FD /* SceneDelegate.swift in Sources */,
			);
			runOnlyForDeploymentPostprocessing = 0;
		};
		F28637972A0180D6009E73FD /* Sources */ = {
			isa = PBXSourcesBuildPhase;
			buildActionMask = 2147483647;
			files = (
				F28637A02A0180D6009E73FD /* ProjectPTests.swift in Sources */,
			);
			runOnlyForDeploymentPostprocessing = 0;
		};
		F28637A12A0180D6009E73FD /* Sources */ = {
			isa = PBXSourcesBuildPhase;
			buildActionMask = 2147483647;
			files = (
				F28637AC2A0180D6009E73FD /* ProjectPUITestsLaunchTests.swift in Sources */,
				F28637AA2A0180D6009E73FD /* ProjectPUITests.swift in Sources */,
			);
			runOnlyForDeploymentPostprocessing = 0;
		};
/* End PBXSourcesBuildPhase section */

/* Begin PBXTargetDependency section */
		F286379D2A0180D6009E73FD /* PBXTargetDependency */ = {
			isa = PBXTargetDependency;
			target = F28637842A0180D3009E73FD /* ProjectP */;
			targetProxy = F286379C2A0180D6009E73FD /* PBXContainerItemProxy */;
		};
		F28637A72A0180D6009E73FD /* PBXTargetDependency */ = {
			isa = PBXTargetDependency;
			target = F28637842A0180D3009E73FD /* ProjectP */;
			targetProxy = F28637A62A0180D6009E73FD /* PBXContainerItemProxy */;
		};
/* End PBXTargetDependency section */

/* Begin PBXVariantGroup section */
		F286378E2A0180D3009E73FD /* Main.storyboard */ = {
			isa = PBXVariantGroup;
			children = (
				F286378F2A0180D3009E73FD /* Base */,
			);
			name = Main.storyboard;
			sourceTree = "<group>";
		};
		F28637932A0180D6009E73FD /* LaunchScreen.storyboard */ = {
			isa = PBXVariantGroup;
			children = (
				F28637942A0180D6009E73FD /* Base */,
			);
			name = LaunchScreen.storyboard;
			sourceTree = "<group>";
		};
/* End PBXVariantGroup section */

/* Begin XCBuildConfiguration section */
		F28637AD2A0180D6009E73FD /* Debug */ = {
			isa = XCBuildConfiguration;
			buildSettings = {
				ALWAYS_SEARCH_USER_PATHS = NO;
				CLANG_ANALYZER_NONNULL = YES;
				CLANG_ANALYZER_NUMBER_OBJECT_CONVERSION = YES_AGGRESSIVE;
				CLANG_CXX_LANGUAGE_STANDARD = "gnu++20";
				CLANG_ENABLE_MODULES = YES;
				CLANG_ENABLE_OBJC_ARC = YES;
				CLANG_ENABLE_OBJC_WEAK = YES;
				CLANG_WARN_BLOCK_CAPTURE_AUTORELEASING = YES;
				CLANG_WARN_BOOL_CONVERSION = YES;
				CLANG_WARN_COMMA = YES;
				CLANG_WARN_CONSTANT_CONVERSION = YES;
				CLANG_WARN_DEPRECATED_OBJC_IMPLEMENTATIONS = YES;
				CLANG_WARN_DIRECT_OBJC_ISA_USAGE = YES_ERROR;
				CLANG_WARN_DOCUMENTATION_COMMENTS = YES;
				CLANG_WARN_EMPTY_BODY = YES;
				CLANG_WARN_ENUM_CONVERSION = YES;
				CLANG_WARN_INFINITE_RECURSION = YES;
				CLANG_WARN_INT_CONVERSION = YES;
				CLANG_WARN_NON_LITERAL_NULL_CONVERSION = YES;
				CLANG_WARN_OBJC_IMPLICIT_RETAIN_SELF = YES;
				CLANG_WARN_OBJC_LITERAL_CONVERSION = YES;
				CLANG_WARN_OBJC_ROOT_CLASS = YES_ERROR;
				CLANG_WARN_QUOTED_INCLUDE_IN_FRAMEWORK_HEADER = YES;
				CLANG_WARN_RANGE_LOOP_ANALYSIS = YES;
				CLANG_WARN_STRICT_PROTOTYPES = YES;
				CLANG_WARN_SUSPICIOUS_MOVE = YES;
				CLANG_WARN_UNGUARDED_AVAILABILITY = YES_AGGRESSIVE;
				CLANG_WARN_UNREACHABLE_CODE = YES;
				CLANG_WARN__DUPLICATE_METHOD_MATCH = YES;
				COPY_PHASE_STRIP = NO;
				DEBUG_INFORMATION_FORMAT = dwarf;
				ENABLE_STRICT_OBJC_MSGSEND = YES;
				ENABLE_TESTABILITY = YES;
				GCC_C_LANGUAGE_STANDARD = gnu11;
				GCC_DYNAMIC_NO_PIC = NO;
				GCC_NO_COMMON_BLOCKS = YES;
				GCC_OPTIMIZATION_LEVEL = 0;
				GCC_PREPROCESSOR_DEFINITIONS = (
					"DEBUG=1",
					"$(inherited)",
				);
				GCC_WARN_64_TO_32_BIT_CONVERSION = YES;
				GCC_WARN_ABOUT_RETURN_TYPE = YES_ERROR;
				GCC_WARN_UNDECLARED_SELECTOR = YES;
				GCC_WARN_UNINITIALIZED_AUTOS = YES_AGGRESSIVE;
				GCC_WARN_UNUSED_FUNCTION = YES;
				GCC_WARN_UNUSED_VARIABLE = YES;
				IPHONEOS_DEPLOYMENT_TARGET = 16.4;
				MTL_ENABLE_DEBUG_INFO = INCLUDE_SOURCE;
				MTL_FAST_MATH = YES;
				ONLY_ACTIVE_ARCH = YES;
				SDKROOT = iphoneos;
				SWIFT_ACTIVE_COMPILATION_CONDITIONS = DEBUG;
				SWIFT_OPTIMIZATION_LEVEL = "-Onone";
			};
			name = Debug;
		};
		F28637AE2A0180D6009E73FD /* Release */ = {
			isa = XCBuildConfiguration;
			buildSettings = {
				ALWAYS_SEARCH_USER_PATHS = NO;
				CLANG_ANALYZER_NONNULL = YES;
				CLANG_ANALYZER_NUMBER_OBJECT_CONVERSION = YES_AGGRESSIVE;
				CLANG_CXX_LANGUAGE_STANDARD = "gnu++20";
				CLANG_ENABLE_MODULES = YES;
				CLANG_ENABLE_OBJC_ARC = YES;
				CLANG_ENABLE_OBJC_WEAK = YES;
				CLANG_WARN_BLOCK_CAPTURE_AUTORELEASING = YES;
				CLANG_WARN_BOOL_CONVERSION = YES;
				CLANG_WARN_COMMA = YES;
				CLANG_WARN_CONSTANT_CONVERSION = YES;
				CLANG_WARN_DEPRECATED_OBJC_IMPLEMENTATIONS = YES;
				CLANG_WARN_DIRECT_OBJC_ISA_USAGE = YES_ERROR;
				CLANG_WARN_DOCUMENTATION_COMMENTS = YES;
				CLANG_WARN_EMPTY_BODY = YES;
				CLANG_WARN_ENUM_CONVERSION = YES;
				CLANG_WARN_INFINITE_RECURSION = YES;
				CLANG_WARN_INT_CONVERSION = YES;
				CLANG_WARN_NON_LITERAL_NULL_CONVERSION = YES;
				CLANG_WARN_OBJC_IMPLICIT_RETAIN_SELF = YES;
				CLANG_WARN_OBJC_LITERAL_CONVERSION = YES;
				CLANG_WARN_OBJC_ROOT_CLASS = YES_ERROR;
				CLANG_WARN_QUOTED_INCLUDE_IN_FRAMEWORK_HEADER = YES;
				CLANG_WARN_RANGE_LOOP_ANALYSIS = YES;
				CLANG_WARN_STRICT_PROTOTYPES = YES;
				CLANG_WARN_SUSPICIOUS_MOVE = YES;
				CLANG_WARN_UNGUARDED_AVAILABILITY = YES_AGGRESSIVE;
				CLANG_WARN_UNREACHABLE_CODE = YES;
				CLANG_WARN__DUPLICATE_METHOD_MATCH = YES;
				COPY_PHASE_STRIP = NO;
				DEBUG_INFORMATION_FORMAT = "dwarf-with-dsym";
				ENABLE_NS_ASSERTIONS = NO;
				ENABLE_STRICT_OBJC_MSGSEND = YES;
				GCC_C_LANGUAGE_STANDARD = gnu11;
				GCC_NO_COMMON_BLOCKS = YES;
				GCC_WARN_64_TO_32_BIT_CONVERSION = YES;
				GCC_WARN_ABOUT_RETURN_TYPE = YES_ERROR;
				GCC_WARN_UNDECLARED_SELECTOR = YES;
				GCC_WARN_UNINITIALIZED_AUTOS = YES_AGGRESSIVE;
				GCC_WARN_UNUSED_FUNCTION = YES;
				GCC_WARN_UNUSED_VARIABLE = YES;
				IPHONEOS_DEPLOYMENT_TARGET = 16.4;
				MTL_ENABLE_DEBUG_INFO = NO;
				MTL_FAST_MATH = YES;
				SDKROOT = iphoneos;
				SWIFT_COMPILATION_MODE = wholemodule;
				SWIFT_OPTIMIZATION_LEVEL = "-O";
				VALIDATE_PRODUCT = YES;
			};
			name = Release;
		};
		F28637B02A0180D6009E73FD /* Debug */ = {
			isa = XCBuildConfiguration;
			buildSettings = {
				ASSETCATALOG_COMPILER_APPICON_NAME = AppIcon;
				ASSETCATALOG_COMPILER_GLOBAL_ACCENT_COLOR_NAME = AccentColor;
				CODE_SIGN_STYLE = Automatic;
				CURRENT_PROJECT_VERSION = 1;
				GENERATE_INFOPLIST_FILE = YES;
				INFOPLIST_FILE = ProjectP/Info.plist;
				INFOPLIST_KEY_LSApplicationCategoryType = "public.app-category.productivity";
				INFOPLIST_KEY_UIApplicationSupportsIndirectInputEvents = YES;
				INFOPLIST_KEY_UILaunchStoryboardName = LaunchScreen;
				INFOPLIST_KEY_UIMainStoryboardFile = Main;
				INFOPLIST_KEY_UISupportedInterfaceOrientations_iPad = "UIInterfaceOrientationPortrait UIInterfaceOrientationPortraitUpsideDown UIInterfaceOrientationLandscapeLeft UIInterfaceOrientationLandscapeRight";
				INFOPLIST_KEY_UISupportedInterfaceOrientations_iPhone = "UIInterfaceOrientationPortrait UIInterfaceOrientationLandscapeLeft UIInterfaceOrientationLandscapeRight";
				LD_RUNPATH_SEARCH_PATHS = (
					"$(inherited)",
					"@executable_path/Frameworks",
				);
				MARKETING_VERSION = 1.0;
				PRODUCT_BUNDLE_IDENTIFIER = com.pannitos.ProjectP;
				PRODUCT_NAME = "$(TARGET_NAME)";
				SWIFT_EMIT_LOC_STRINGS = YES;
				SWIFT_VERSION = 5.0;
				TARGETED_DEVICE_FAMILY = "1,2";
			};
			name = Debug;
		};
		F28637B12A0180D6009E73FD /* Release */ = {
			isa = XCBuildConfiguration;
			buildSettings = {
				ASSETCATALOG_COMPILER_APPICON_NAME = AppIcon;
				ASSETCATALOG_COMPILER_GLOBAL_ACCENT_COLOR_NAME = AccentColor;
				CODE_SIGN_STYLE = Automatic;
				CURRENT_PROJECT_VERSION = 1;
				GENERATE_INFOPLIST_FILE = YES;
				INFOPLIST_FILE = ProjectP/Info.plist;
				INFOPLIST_KEY_LSApplicationCategoryType = "public.app-category.productivity";
				INFOPLIST_KEY_UIApplicationSupportsIndirectInputEvents = YES;
				INFOPLIST_KEY_UILaunchStoryboardName = LaunchScreen;
				INFOPLIST_KEY_UIMainStoryboardFile = Main;
				INFOPLIST_KEY_UISupportedInterfaceOrientations_iPad = "UIInterfaceOrientationPortrait UIInterfaceOrientationPortraitUpsideDown UIInterfaceOrientationLandscapeLeft UIInterfaceOrientationLandscapeRight";
				INFOPLIST_KEY_UISupportedInterfaceOrientations_iPhone = "UIInterfaceOrientationPortrait UIInterfaceOrientationLandscapeLeft UIInterfaceOrientationLandscapeRight";
				LD_RUNPATH_SEARCH_PATHS = (
					"$(inherited)",
					"@executable_path/Frameworks",
				);
				MARKETING_VERSION = 1.0;
				PRODUCT_BUNDLE_IDENTIFIER = com.pannitos.ProjectP;
				PRODUCT_NAME = "$(TARGET_NAME)";
				SWIFT_EMIT_LOC_STRINGS = YES;
				SWIFT_VERSION = 5.0;
				TARGETED_DEVICE_FAMILY = "1,2";
			};
			name = Release;
		};
		F28637B32A0180D6009E73FD /* Debug */ = {
			isa = XCBuildConfiguration;
			buildSettings = {
				ALWAYS_EMBED_SWIFT_STANDARD_LIBRARIES = YES;
				BUNDLE_LOADER = "$(TEST_HOST)";
				CODE_SIGN_STYLE = Automatic;
				CURRENT_PROJECT_VERSION = 1;
				GENERATE_INFOPLIST_FILE = YES;
				IPHONEOS_DEPLOYMENT_TARGET = 16.4;
				MARKETING_VERSION = 1.0;
				PRODUCT_BUNDLE_IDENTIFIER = com.pannitos.ProjectPTests;
				PRODUCT_NAME = "$(TARGET_NAME)";
				SWIFT_EMIT_LOC_STRINGS = NO;
				SWIFT_VERSION = 5.0;
				TARGETED_DEVICE_FAMILY = "1,2";
				TEST_HOST = "$(BUILT_PRODUCTS_DIR)/ProjectP.app/$(BUNDLE_EXECUTABLE_FOLDER_PATH)/ProjectP";
			};
			name = Debug;
		};
		F28637B42A0180D6009E73FD /* Release */ = {
			isa = XCBuildConfiguration;
			buildSettings = {
				ALWAYS_EMBED_SWIFT_STANDARD_LIBRARIES = YES;
				BUNDLE_LOADER = "$(TEST_HOST)";
				CODE_SIGN_STYLE = Automatic;
				CURRENT_PROJECT_VERSION = 1;
				GENERATE_INFOPLIST_FILE = YES;
				IPHONEOS_DEPLOYMENT_TARGET = 16.4;
				MARKETING_VERSION = 1.0;
				PRODUCT_BUNDLE_IDENTIFIER = com.pannitos.ProjectPTests;
				PRODUCT_NAME = "$(TARGET_NAME)";
				SWIFT_EMIT_LOC_STRINGS = NO;
				SWIFT_VERSION = 5.0;
				TARGETED_DEVICE_FAMILY = "1,2";
				TEST_HOST = "$(BUILT_PRODUCTS_DIR)/ProjectP.app/$(BUNDLE_EXECUTABLE_FOLDER_PATH)/ProjectP";
			};
			name = Release;
		};
		F28637B62A0180D6009E73FD /* Debug */ = {
			isa = XCBuildConfiguration;
			buildSettings = {
				ALWAYS_EMBED_SWIFT_STANDARD_LIBRARIES = YES;
				CODE_SIGN_STYLE = Automatic;
				CURRENT_PROJECT_VERSION = 1;
				GENERATE_INFOPLIST_FILE = YES;
				MARKETING_VERSION = 1.0;
				PRODUCT_BUNDLE_IDENTIFIER = com.pannitos.ProjectPUITests;
				PRODUCT_NAME = "$(TARGET_NAME)";
				SWIFT_EMIT_LOC_STRINGS = NO;
				SWIFT_VERSION = 5.0;
				TARGETED_DEVICE_FAMILY = "1,2";
				TEST_TARGET_NAME = ProjectP;
			};
			name = Debug;
		};
		F28637B72A0180D6009E73FD /* Release */ = {
			isa = XCBuildConfiguration;
			buildSettings = {
				ALWAYS_EMBED_SWIFT_STANDARD_LIBRARIES = YES;
				CODE_SIGN_STYLE = Automatic;
				CURRENT_PROJECT_VERSION = 1;
				GENERATE_INFOPLIST_FILE = YES;
				MARKETING_VERSION = 1.0;
				PRODUCT_BUNDLE_IDENTIFIER = com.pannitos.ProjectPUITests;
				PRODUCT_NAME = "$(TARGET_NAME)";
				SWIFT_EMIT_LOC_STRINGS = NO;
				SWIFT_VERSION = 5.0;
				TARGETED_DEVICE_FAMILY = "1,2";
				TEST_TARGET_NAME = ProjectP;
			};
			name = Release;
		};
/* End XCBuildConfiguration section */

/* Begin XCConfigurationList section */
		F28637802A0180D3009E73FD /* Build configuration list for PBXProject "ProjectP" */ = {
			isa = XCConfigurationList;
			buildConfigurations = (
				F28637AD2A0180D6009E73FD /* Debug */,
				F28637AE2A0180D6009E73FD /* Release */,
			);
			defaultConfigurationIsVisible = 0;
			defaultConfigurationName = Release;
		};
		F28637AF2A0180D6009E73FD /* Build configuration list for PBXNativeTarget "ProjectP" */ = {
			isa = XCConfigurationList;
			buildConfigurations = (
				F28637B02A0180D6009E73FD /* Debug */,
				F28637B12A0180D6009E73FD /* Release */,
			);
			defaultConfigurationIsVisible = 0;
			defaultConfigurationName = Release;
		};
		F28637B22A0180D6009E73FD /* Build configuration list for PBXNativeTarget "ProjectPTests" */ = {
			isa = XCConfigurationList;
			buildConfigurations = (
				F28637B32A0180D6009E73FD /* Debug */,
				F28637B42A0180D6009E73FD /* Release */,
			);
			defaultConfigurationIsVisible = 0;
			defaultConfigurationName = Release;
		};
		F28637B52A0180D6009E73FD /* Build configuration list for PBXNativeTarget "ProjectPUITests" */ = {
			isa = XCConfigurationList;
			buildConfigurations = (
				F28637B62A0180D6009E73FD /* Debug */,
				F28637B72A0180D6009E73FD /* Release */,
			);
			defaultConfigurationIsVisible = 0;
			defaultConfigurationName = Release;
		};
/* End XCConfigurationList section */
	};
	rootObject = F286377D2A0180D3009E73FD /* Project object */;
}
